
Microsoft Visual Studio Solution File, Format Version 12.00
# Visual Studio Version 16
VisualStudioVersion = 16.0.30907.101
MinimumVisualStudioVersion = 10.0.40219.1
Project("{FAE04EC0-301F-11D3-BF4B-00C04F79EFBC}") = "DataAccess", "DataAccess\DataAccess.csproj", "{84BB8011-ADB7-48DF-8328-BA78B46BE495}"
EndProject
Project("{FAE04EC0-301F-11D3-BF4B-00C04F79EFBC}") = "Lanceur", "Lanceur\Lanceur.csproj", "{4261F616-3605-45E5-B8BB-712C196D09E6}"
EndProject
Project("{FAE04EC0-301F-11D3-BF4B-00C04F79EFBC}") = "ObjectsAffaire", "ObjectsAffaire\ObjectsAffaire.csproj", "{541AD957-2742-423D-BAD4-D7619B80C3B9}"
EndProject
Global
	GlobalSection(SolutionConfigurationPlatforms) = preSolution
		Debug|Any CPU = Debug|Any CPU
		Release|Any CPU = Release|Any CPU
	EndGlobalSection
	GlobalSection(ProjectConfigurationPlatforms) = postSolution
		{84BB8011-ADB7-48DF-8328-BA78B46BE495}.Debug|Any CPU.ActiveCfg = Debug|Any CPU
		{84BB8011-ADB7-48DF-8328-BA78B46BE495}.Debug|Any CPU.Build.0 = Debug|Any CPU
		{84BB8011-ADB7-48DF-8328-BA78B46BE495}.Release|Any CPU.ActiveCfg = Release|Any CPU
		{84BB8011-ADB7-48DF-8328-BA78B46BE495}.Release|Any CPU.Build.0 = Release|Any CPU
		{4261F616-3605-45E5-B8BB-712C196D09E6}.Debug|Any CPU.ActiveCfg = Debug|Any CPU
		{4261F616-3605-45E5-B8BB-712C196D09E6}.Debug|Any CPU.Build.0 = Debug|Any CPU
		{4261F616-3605-45E5-B8BB-712C196D09E6}.Release|Any CPU.ActiveCfg = Release|Any CPU
		{4261F616-3605-45E5-B8BB-712C196D09E6}.Release|Any CPU.Build.0 = Release|Any CPU
		{541AD957-2742-423D-BAD4-D7619B80C3B9}.Debug|Any CPU.ActiveCfg = Debug|Any CPU
		{541AD957-2742-423D-BAD4-D7619B80C3B9}.Debug|Any CPU.Build.0 = Debug|Any CPU
		{541AD957-2742-423D-BAD4-D7619B80C3B9}.Release|Any CPU.ActiveCfg = Release|Any CPU
		{541AD957-2742-423D-BAD4-D7619B80C3B9}.Release|Any CPU.Build.0 = Release|Any CPU
	EndGlobalSection
	GlobalSection(SolutionProperties) = preSolution
		HideSolutionNode = FALSE
	EndGlobalSection
	GlobalSection(ExtensibilityGlobals) = postSolution
		SolutionGuid = {13433997-8562-4F3A-9E14-5C7E7FA3A9C1}
	EndGlobalSection
EndGlobal
